
Microsoft Visual Studio Solution File, Format Version 12.00
Project("{FAE04EC0-301F-11D3-BF4B-00C04F79EFBC}") = "CSTtoASTandTypeChecker", "CSTtoASTandTypeChecker\CSTtoASTandTypeChecker.csproj", "{0F108801-A6EC-4CED-B913-37108F8624CE}"
EndProject
Project("{FAE04EC0-301F-11D3-BF4B-00C04F79EFBC}") = "TranspilerTester", "TranspilerTester\TranspilerTester.csproj", "{6025ECFC-A88C-4786-85D5-6BEDFFA3A331}"
EndProject
Global
	GlobalSection(SolutionConfigurationPlatforms) = preSolution
		Debug|Any CPU = Debug|Any CPU
		Release|Any CPU = Release|Any CPU
	EndGlobalSection
	GlobalSection(ProjectConfigurationPlatforms) = postSolution
		{0F108801-A6EC-4CED-B913-37108F8624CE}.Debug|Any CPU.ActiveCfg = Debug|Any CPU
		{0F108801-A6EC-4CED-B913-37108F8624CE}.Debug|Any CPU.Build.0 = Debug|Any CPU
		{0F108801-A6EC-4CED-B913-37108F8624CE}.Release|Any CPU.ActiveCfg = Release|Any CPU
		{0F108801-A6EC-4CED-B913-37108F8624CE}.Release|Any CPU.Build.0 = Release|Any CPU
		{6025ECFC-A88C-4786-85D5-6BEDFFA3A331}.Debug|Any CPU.ActiveCfg = Debug|Any CPU
		{6025ECFC-A88C-4786-85D5-6BEDFFA3A331}.Debug|Any CPU.Build.0 = Debug|Any CPU
		{6025ECFC-A88C-4786-85D5-6BEDFFA3A331}.Release|Any CPU.ActiveCfg = Release|Any CPU
		{6025ECFC-A88C-4786-85D5-6BEDFFA3A331}.Release|Any CPU.Build.0 = Release|Any CPU
	EndGlobalSection
EndGlobal
